// !$*UTF8*$!
{
	archiveVersion = 1;
	classes = {
	};
	objectVersion = 56;
	objects = {

/* Begin PBXBuildFile section */
		7D349EE8294D08C400BAB49A /* AppDelegate.swift in Sources */ = {isa = PBXBuildFile; fileRef = 7D349EE7294D08C400BAB49A /* AppDelegate.swift */; };
		7D349EEA294D08C400BAB49A /* SceneDelegate.swift in Sources */ = {isa = PBXBuildFile; fileRef = 7D349EE9294D08C400BAB49A /* SceneDelegate.swift */; };
		7D349EEC294D08C400BAB49A /* MainTabBarViewController.swift in Sources */ = {isa = PBXBuildFile; fileRef = 7D349EEB294D08C400BAB49A /* MainTabBarViewController.swift */; };
		7D349EF1294D08C500BAB49A /* Assets.xcassets in Resources */ = {isa = PBXBuildFile; fileRef = 7D349EF0294D08C500BAB49A /* Assets.xcassets */; };
		7D349EF4294D08C500BAB49A /* LaunchScreen.storyboard in Resources */ = {isa = PBXBuildFile; fileRef = 7D349EF2294D08C500BAB49A /* LaunchScreen.storyboard */; };
		7D349EFF294D08C500BAB49A /* Netflix_CloneTests.swift in Sources */ = {isa = PBXBuildFile; fileRef = 7D349EFE294D08C500BAB49A /* Netflix_CloneTests.swift */; };
		7D349F09294D08C500BAB49A /* Netflix_CloneUITests.swift in Sources */ = {isa = PBXBuildFile; fileRef = 7D349F08294D08C500BAB49A /* Netflix_CloneUITests.swift */; };
		7D349F0B294D08C500BAB49A /* Netflix_CloneUITestsLaunchTests.swift in Sources */ = {isa = PBXBuildFile; fileRef = 7D349F0A294D08C500BAB49A /* Netflix_CloneUITestsLaunchTests.swift */; };
		7D349F19294D0B4800BAB49A /* HomeViewController.swift in Sources */ = {isa = PBXBuildFile; fileRef = 7D349F18294D0B4800BAB49A /* HomeViewController.swift */; };
		7D349F1B294D0B6500BAB49A /* UpcomingViewController.swift in Sources */ = {isa = PBXBuildFile; fileRef = 7D349F1A294D0B6500BAB49A /* UpcomingViewController.swift */; };
		7D349F1D294D0B7A00BAB49A /* SearchViewController.swift in Sources */ = {isa = PBXBuildFile; fileRef = 7D349F1C294D0B7A00BAB49A /* SearchViewController.swift */; };
		7D349F1F294D0B9800BAB49A /* DownloadsViewController.swift in Sources */ = {isa = PBXBuildFile; fileRef = 7D349F1E294D0B9800BAB49A /* DownloadsViewController.swift */; };
		7D5B1E74294D3185005F7E08 /* CollectionViewTableViewCell.swift in Sources */ = {isa = PBXBuildFile; fileRef = 7D5B1E73294D3185005F7E08 /* CollectionViewTableViewCell.swift */; };
		7D5B1E76294D361F005F7E08 /* HeroHeaderUIView.swift in Sources */ = {isa = PBXBuildFile; fileRef = 7D5B1E75294D361F005F7E08 /* HeroHeaderUIView.swift */; };
/* End PBXBuildFile section */

/* Begin PBXContainerItemProxy section */
		7D349EFB294D08C500BAB49A /* PBXContainerItemProxy */ = {
			isa = PBXContainerItemProxy;
			containerPortal = 7D349EDC294D08C400BAB49A /* Project object */;
			proxyType = 1;
			remoteGlobalIDString = 7D349EE3294D08C400BAB49A;
			remoteInfo = "Netflix Clone";
		};
		7D349F05294D08C500BAB49A /* PBXContainerItemProxy */ = {
			isa = PBXContainerItemProxy;
			containerPortal = 7D349EDC294D08C400BAB49A /* Project object */;
			proxyType = 1;
			remoteGlobalIDString = 7D349EE3294D08C400BAB49A;
			remoteInfo = "Netflix Clone";
		};
/* End PBXContainerItemProxy section */

/* Begin PBXFileReference section */
		7D349EE4294D08C400BAB49A /* Netflix Clone.app */ = {isa = PBXFileReference; explicitFileType = wrapper.application; includeInIndex = 0; path = "Netflix Clone.app"; sourceTree = BUILT_PRODUCTS_DIR; };
		7D349EE7294D08C400BAB49A /* AppDelegate.swift */ = {isa = PBXFileReference; lastKnownFileType = sourcecode.swift; path = AppDelegate.swift; sourceTree = "<group>"; };
		7D349EE9294D08C400BAB49A /* SceneDelegate.swift */ = {isa = PBXFileReference; lastKnownFileType = sourcecode.swift; path = SceneDelegate.swift; sourceTree = "<group>"; };
		7D349EEB294D08C400BAB49A /* MainTabBarViewController.swift */ = {isa = PBXFileReference; lastKnownFileType = sourcecode.swift; path = MainTabBarViewController.swift; sourceTree = "<group>"; };
		7D349EF0294D08C500BAB49A /* Assets.xcassets */ = {isa = PBXFileReference; lastKnownFileType = folder.assetcatalog; path = Assets.xcassets; sourceTree = "<group>"; };
		7D349EF3294D08C500BAB49A /* Base */ = {isa = PBXFileReference; lastKnownFileType = file.storyboard; name = Base; path = Base.lproj/LaunchScreen.storyboard; sourceTree = "<group>"; };
		7D349EF5294D08C500BAB49A /* Info.plist */ = {isa = PBXFileReference; lastKnownFileType = text.plist.xml; path = Info.plist; sourceTree = "<group>"; };
		7D349EFA294D08C500BAB49A /* Netflix CloneTests.xctest */ = {isa = PBXFileReference; explicitFileType = wrapper.cfbundle; includeInIndex = 0; path = "Netflix CloneTests.xctest"; sourceTree = BUILT_PRODUCTS_DIR; };
		7D349EFE294D08C500BAB49A /* Netflix_CloneTests.swift */ = {isa = PBXFileReference; lastKnownFileType = sourcecode.swift; path = Netflix_CloneTests.swift; sourceTree = "<group>"; };
		7D349F04294D08C500BAB49A /* Netflix CloneUITests.xctest */ = {isa = PBXFileReference; explicitFileType = wrapper.cfbundle; includeInIndex = 0; path = "Netflix CloneUITests.xctest"; sourceTree = BUILT_PRODUCTS_DIR; };
		7D349F08294D08C500BAB49A /* Netflix_CloneUITests.swift */ = {isa = PBXFileReference; lastKnownFileType = sourcecode.swift; path = Netflix_CloneUITests.swift; sourceTree = "<group>"; };
		7D349F0A294D08C500BAB49A /* Netflix_CloneUITestsLaunchTests.swift */ = {isa = PBXFileReference; lastKnownFileType = sourcecode.swift; path = Netflix_CloneUITestsLaunchTests.swift; sourceTree = "<group>"; };
		7D349F18294D0B4800BAB49A /* HomeViewController.swift */ = {isa = PBXFileReference; lastKnownFileType = sourcecode.swift; path = HomeViewController.swift; sourceTree = "<group>"; };
		7D349F1A294D0B6500BAB49A /* UpcomingViewController.swift */ = {isa = PBXFileReference; lastKnownFileType = sourcecode.swift; path = UpcomingViewController.swift; sourceTree = "<group>"; };
		7D349F1C294D0B7A00BAB49A /* SearchViewController.swift */ = {isa = PBXFileReference; lastKnownFileType = sourcecode.swift; path = SearchViewController.swift; sourceTree = "<group>"; };
		7D349F1E294D0B9800BAB49A /* DownloadsViewController.swift */ = {isa = PBXFileReference; lastKnownFileType = sourcecode.swift; path = DownloadsViewController.swift; sourceTree = "<group>"; };
		7D5B1E73294D3185005F7E08 /* CollectionViewTableViewCell.swift */ = {isa = PBXFileReference; lastKnownFileType = sourcecode.swift; path = CollectionViewTableViewCell.swift; sourceTree = "<group>"; };
		7D5B1E75294D361F005F7E08 /* HeroHeaderUIView.swift */ = {isa = PBXFileReference; lastKnownFileType = sourcecode.swift; path = HeroHeaderUIView.swift; sourceTree = "<group>"; };
/* End PBXFileReference section */

/* Begin PBXFrameworksBuildPhase section */
		7D349EE1294D08C400BAB49A /* Frameworks */ = {
			isa = PBXFrameworksBuildPhase;
			buildActionMask = 2147483647;
			files = (
			);
			runOnlyForDeploymentPostprocessing = 0;
		};
		7D349EF7294D08C500BAB49A /* Frameworks */ = {
			isa = PBXFrameworksBuildPhase;
			buildActionMask = 2147483647;
			files = (
			);
			runOnlyForDeploymentPostprocessing = 0;
		};
		7D349F01294D08C500BAB49A /* Frameworks */ = {
			isa = PBXFrameworksBuildPhase;
			buildActionMask = 2147483647;
			files = (
			);
			runOnlyForDeploymentPostprocessing = 0;
		};
/* End PBXFrameworksBuildPhase section */

/* Begin PBXGroup section */
		7D349EDB294D08C400BAB49A = {
			isa = PBXGroup;
			children = (
				7D349EE6294D08C400BAB49A /* Netflix Clone */,
				7D349EFD294D08C500BAB49A /* Netflix CloneTests */,
				7D349F07294D08C500BAB49A /* Netflix CloneUITests */,
				7D349EE5294D08C400BAB49A /* Products */,
			);
			sourceTree = "<group>";
		};
		7D349EE5294D08C400BAB49A /* Products */ = {
			isa = PBXGroup;
			children = (
				7D349EE4294D08C400BAB49A /* Netflix Clone.app */,
				7D349EFA294D08C500BAB49A /* Netflix CloneTests.xctest */,
				7D349F04294D08C500BAB49A /* Netflix CloneUITests.xctest */,
			);
			name = Products;
			sourceTree = "<group>";
		};
		7D349EE6294D08C400BAB49A /* Netflix Clone */ = {
			isa = PBXGroup;
			children = (
				7D5B1E72294D3160005F7E08 /* Managers */,
				7D5B1E71294D315A005F7E08 /* Resources */,
				7D5B1E70294D3144005F7E08 /* Models */,
				7D5B1E6F294D3134005F7E08 /* ViewModels */,
				7D5B1E6E294D312B005F7E08 /* Views */,
				7D349F17294D0AFF00BAB49A /* Controllers */,
				7D349EE7294D08C400BAB49A /* AppDelegate.swift */,
				7D349EE9294D08C400BAB49A /* SceneDelegate.swift */,
				7D349EEB294D08C400BAB49A /* MainTabBarViewController.swift */,
				7D349EF0294D08C500BAB49A /* Assets.xcassets */,
				7D349EF2294D08C500BAB49A /* LaunchScreen.storyboard */,
				7D349EF5294D08C500BAB49A /* Info.plist */,
			);
			path = "Netflix Clone";
			sourceTree = "<group>";
		};
		7D349EFD294D08C500BAB49A /* Netflix CloneTests */ = {
			isa = PBXGroup;
			children = (
				7D349EFE294D08C500BAB49A /* Netflix_CloneTests.swift */,
			);
			path = "Netflix CloneTests";
			sourceTree = "<group>";
		};
		7D349F07294D08C500BAB49A /* Netflix CloneUITests */ = {
			isa = PBXGroup;
			children = (
				7D349F08294D08C500BAB49A /* Netflix_CloneUITests.swift */,
				7D349F0A294D08C500BAB49A /* Netflix_CloneUITestsLaunchTests.swift */,
			);
			path = "Netflix CloneUITests";
			sourceTree = "<group>";
		};
		7D349F17294D0AFF00BAB49A /* Controllers */ = {
			isa = PBXGroup;
			children = (
				7D349F18294D0B4800BAB49A /* HomeViewController.swift */,
				7D349F1A294D0B6500BAB49A /* UpcomingViewController.swift */,
				7D349F1C294D0B7A00BAB49A /* SearchViewController.swift */,
				7D349F1E294D0B9800BAB49A /* DownloadsViewController.swift */,
			);
			path = Controllers;
			sourceTree = "<group>";
		};
		7D5B1E6E294D312B005F7E08 /* Views */ = {
			isa = PBXGroup;
			children = (
				7D5B1E73294D3185005F7E08 /* CollectionViewTableViewCell.swift */,
				7D5B1E75294D361F005F7E08 /* HeroHeaderUIView.swift */,
			);
			path = Views;
			sourceTree = "<group>";
		};
		7D5B1E6F294D3134005F7E08 /* ViewModels */ = {
			isa = PBXGroup;
			children = (
			);
			path = ViewModels;
			sourceTree = "<group>";
		};
		7D5B1E70294D3144005F7E08 /* Models */ = {
			isa = PBXGroup;
			children = (
			);
			path = Models;
			sourceTree = "<group>";
		};
		7D5B1E71294D315A005F7E08 /* Resources */ = {
			isa = PBXGroup;
			children = (
			);
			path = Resources;
			sourceTree = "<group>";
		};
		7D5B1E72294D3160005F7E08 /* Managers */ = {
			isa = PBXGroup;
			children = (
			);
			path = Managers;
			sourceTree = "<group>";
		};
/* End PBXGroup section */

/* Begin PBXNativeTarget section */
		7D349EE3294D08C400BAB49A /* Netflix Clone */ = {
			isa = PBXNativeTarget;
			buildConfigurationList = 7D349F0E294D08C500BAB49A /* Build configuration list for PBXNativeTarget "Netflix Clone" */;
			buildPhases = (
				7D349EE0294D08C400BAB49A /* Sources */,
				7D349EE1294D08C400BAB49A /* Frameworks */,
				7D349EE2294D08C400BAB49A /* Resources */,
			);
			buildRules = (
			);
			dependencies = (
			);
			name = "Netflix Clone";
			productName = "Netflix Clone";
			productReference = 7D349EE4294D08C400BAB49A /* Netflix Clone.app */;
			productType = "com.apple.product-type.application";
		};
		7D349EF9294D08C500BAB49A /* Netflix CloneTests */ = {
			isa = PBXNativeTarget;
			buildConfigurationList = 7D349F11294D08C500BAB49A /* Build configuration list for PBXNativeTarget "Netflix CloneTests" */;
			buildPhases = (
				7D349EF6294D08C500BAB49A /* Sources */,
				7D349EF7294D08C500BAB49A /* Frameworks */,
				7D349EF8294D08C500BAB49A /* Resources */,
			);
			buildRules = (
			);
			dependencies = (
				7D349EFC294D08C500BAB49A /* PBXTargetDependency */,
			);
			name = "Netflix CloneTests";
			productName = "Netflix CloneTests";
			productReference = 7D349EFA294D08C500BAB49A /* Netflix CloneTests.xctest */;
			productType = "com.apple.product-type.bundle.unit-test";
		};
		7D349F03294D08C500BAB49A /* Netflix CloneUITests */ = {
			isa = PBXNativeTarget;
			buildConfigurationList = 7D349F14294D08C500BAB49A /* Build configuration list for PBXNativeTarget "Netflix CloneUITests" */;
			buildPhases = (
				7D349F00294D08C500BAB49A /* Sources */,
				7D349F01294D08C500BAB49A /* Frameworks */,
				7D349F02294D08C500BAB49A /* Resources */,
			);
			buildRules = (
			);
			dependencies = (
				7D349F06294D08C500BAB49A /* PBXTargetDependency */,
			);
			name = "Netflix CloneUITests";
			productName = "Netflix CloneUITests";
			productReference = 7D349F04294D08C500BAB49A /* Netflix CloneUITests.xctest */;
			productType = "com.apple.product-type.bundle.ui-testing";
		};
/* End PBXNativeTarget section */

/* Begin PBXProject section */
		7D349EDC294D08C400BAB49A /* Project object */ = {
			isa = PBXProject;
			attributes = {
				BuildIndependentTargetsInParallel = 1;
				LastSwiftUpdateCheck = 1420;
				LastUpgradeCheck = 1420;
				TargetAttributes = {
					7D349EE3294D08C400BAB49A = {
						CreatedOnToolsVersion = 14.2;
					};
					7D349EF9294D08C500BAB49A = {
						CreatedOnToolsVersion = 14.2;
						TestTargetID = 7D349EE3294D08C400BAB49A;
					};
					7D349F03294D08C500BAB49A = {
						CreatedOnToolsVersion = 14.2;
						TestTargetID = 7D349EE3294D08C400BAB49A;
					};
				};
			};
			buildConfigurationList = 7D349EDF294D08C400BAB49A /* Build configuration list for PBXProject "Netflix Clone" */;
			compatibilityVersion = "Xcode 14.0";
			developmentRegion = en;
			hasScannedForEncodings = 0;
			knownRegions = (
				en,
				Base,
			);
			mainGroup = 7D349EDB294D08C400BAB49A;
			productRefGroup = 7D349EE5294D08C400BAB49A /* Products */;
			projectDirPath = "";
			projectRoot = "";
			targets = (
				7D349EE3294D08C400BAB49A /* Netflix Clone */,
				7D349EF9294D08C500BAB49A /* Netflix CloneTests */,
				7D349F03294D08C500BAB49A /* Netflix CloneUITests */,
			);
		};
/* End PBXProject section */

/* Begin PBXResourcesBuildPhase section */
		7D349EE2294D08C400BAB49A /* Resources */ = {
			isa = PBXResourcesBuildPhase;
			buildActionMask = 2147483647;
			files = (
				7D349EF4294D08C500BAB49A /* LaunchScreen.storyboard in Resources */,
				7D349EF1294D08C500BAB49A /* Assets.xcassets in Resources */,
			);
			runOnlyForDeploymentPostprocessing = 0;
		};
		7D349EF8294D08C500BAB49A /* Resources */ = {
			isa = PBXResourcesBuildPhase;
			buildActionMask = 2147483647;
			files = (
			);
			runOnlyForDeploymentPostprocessing = 0;
		};
		7D349F02294D08C500BAB49A /* Resources */ = {
			isa = PBXResourcesBuildPhase;
			buildActionMask = 2147483647;
			files = (
			);
			runOnlyForDeploymentPostprocessing = 0;
		};
/* End PBXResourcesBuildPhase section */

/* Begin PBXSourcesBuildPhase section */
		7D349EE0294D08C400BAB49A /* Sources */ = {
			isa = PBXSourcesBuildPhase;
			buildActionMask = 2147483647;
			files = (
				7D349F1D294D0B7A00BAB49A /* SearchViewController.swift in Sources */,
				7D349EEC294D08C400BAB49A /* MainTabBarViewController.swift in Sources */,
				7D5B1E74294D3185005F7E08 /* CollectionViewTableViewCell.swift in Sources */,
				7D5B1E76294D361F005F7E08 /* HeroHeaderUIView.swift in Sources */,
				7D349F1F294D0B9800BAB49A /* DownloadsViewController.swift in Sources */,
				7D349EE8294D08C400BAB49A /* AppDelegate.swift in Sources */,
				7D349EEA294D08C400BAB49A /* SceneDelegate.swift in Sources */,
				7D349F1B294D0B6500BAB49A /* UpcomingViewController.swift in Sources */,
				7D349F19294D0B4800BAB49A /* HomeViewController.swift in Sources */,
			);
			runOnlyForDeploymentPostprocessing = 0;
		};
		7D349EF6294D08C500BAB49A /* Sources */ = {
			isa = PBXSourcesBuildPhase;
			buildActionMask = 2147483647;
			files = (
				7D349EFF294D08C500BAB49A /* Netflix_CloneTests.swift in Sources */,
			);
			runOnlyForDeploymentPostprocessing = 0;
		};
		7D349F00294D08C500BAB49A /* Sources */ = {
			isa = PBXSourcesBuildPhase;
			buildActionMask = 2147483647;
			files = (
				7D349F09294D08C500BAB49A /* Netflix_CloneUITests.swift in Sources */,
				7D349F0B294D08C500BAB49A /* Netflix_CloneUITestsLaunchTests.swift in Sources */,
			);
			runOnlyForDeploymentPostprocessing = 0;
		};
/* End PBXSourcesBuildPhase section */

/* Begin PBXTargetDependency section */
		7D349EFC294D08C500BAB49A /* PBXTargetDependency */ = {
			isa = PBXTargetDependency;
			target = 7D349EE3294D08C400BAB49A /* Netflix Clone */;
			targetProxy = 7D349EFB294D08C500BAB49A /* PBXContainerItemProxy */;
		};
		7D349F06294D08C500BAB49A /* PBXTargetDependency */ = {
			isa = PBXTargetDependency;
			target = 7D349EE3294D08C400BAB49A /* Netflix Clone */;
			targetProxy = 7D349F05294D08C500BAB49A /* PBXContainerItemProxy */;
		};
/* End PBXTargetDependency section */

/* Begin PBXVariantGroup section */
		7D349EF2294D08C500BAB49A /* LaunchScreen.storyboard */ = {
			isa = PBXVariantGroup;
			children = (
				7D349EF3294D08C500BAB49A /* Base */,
			);
			name = LaunchScreen.storyboard;
			sourceTree = "<group>";
		};
/* End PBXVariantGroup section */

/* Begin XCBuildConfiguration section */
		7D349F0C294D08C500BAB49A /* Debug */ = {
			isa = XCBuildConfiguration;
			buildSettings = {
				ALWAYS_SEARCH_USER_PATHS = NO;
				CLANG_ANALYZER_NONNULL = YES;
				CLANG_ANALYZER_NUMBER_OBJECT_CONVERSION = YES_AGGRESSIVE;
				CLANG_CXX_LANGUAGE_STANDARD = "gnu++20";
				CLANG_ENABLE_MODULES = YES;
				CLANG_ENABLE_OBJC_ARC = YES;
				CLANG_ENABLE_OBJC_WEAK = YES;
				CLANG_WARN_BLOCK_CAPTURE_AUTORELEASING = YES;
				CLANG_WARN_BOOL_CONVERSION = YES;
				CLANG_WARN_COMMA = YES;
				CLANG_WARN_CONSTANT_CONVERSION = YES;
				CLANG_WARN_DEPRECATED_OBJC_IMPLEMENTATIONS = YES;
				CLANG_WARN_DIRECT_OBJC_ISA_USAGE = YES_ERROR;
				CLANG_WARN_DOCUMENTATION_COMMENTS = YES;
				CLANG_WARN_EMPTY_BODY = YES;
				CLANG_WARN_ENUM_CONVERSION = YES;
				CLANG_WARN_INFINITE_RECURSION = YES;
				CLANG_WARN_INT_CONVERSION = YES;
				CLANG_WARN_NON_LITERAL_NULL_CONVERSION = YES;
				CLANG_WARN_OBJC_IMPLICIT_RETAIN_SELF = YES;
				CLANG_WARN_OBJC_LITERAL_CONVERSION = YES;
				CLANG_WARN_OBJC_ROOT_CLASS = YES_ERROR;
				CLANG_WARN_QUOTED_INCLUDE_IN_FRAMEWORK_HEADER = YES;
				CLANG_WARN_RANGE_LOOP_ANALYSIS = YES;
				CLANG_WARN_STRICT_PROTOTYPES = YES;
				CLANG_WARN_SUSPICIOUS_MOVE = YES;
				CLANG_WARN_UNGUARDED_AVAILABILITY = YES_AGGRESSIVE;
				CLANG_WARN_UNREACHABLE_CODE = YES;
				CLANG_WARN__DUPLICATE_METHOD_MATCH = YES;
				COPY_PHASE_STRIP = NO;
				DEBUG_INFORMATION_FORMAT = dwarf;
				ENABLE_STRICT_OBJC_MSGSEND = YES;
				ENABLE_TESTABILITY = YES;
				GCC_C_LANGUAGE_STANDARD = gnu11;
				GCC_DYNAMIC_NO_PIC = NO;
				GCC_NO_COMMON_BLOCKS = YES;
				GCC_OPTIMIZATION_LEVEL = 0;
				GCC_PREPROCESSOR_DEFINITIONS = (
					"DEBUG=1",
					"$(inherited)",
				);
				GCC_WARN_64_TO_32_BIT_CONVERSION = YES;
				GCC_WARN_ABOUT_RETURN_TYPE = YES_ERROR;
				GCC_WARN_UNDECLARED_SELECTOR = YES;
				GCC_WARN_UNINITIALIZED_AUTOS = YES_AGGRESSIVE;
				GCC_WARN_UNUSED_FUNCTION = YES;
				GCC_WARN_UNUSED_VARIABLE = YES;
				IPHONEOS_DEPLOYMENT_TARGET = 16.2;
				MTL_ENABLE_DEBUG_INFO = INCLUDE_SOURCE;
				MTL_FAST_MATH = YES;
				ONLY_ACTIVE_ARCH = YES;
				SDKROOT = iphoneos;
				SWIFT_ACTIVE_COMPILATION_CONDITIONS = DEBUG;
				SWIFT_OPTIMIZATION_LEVEL = "-Onone";
			};
			name = Debug;
		};
		7D349F0D294D08C500BAB49A /* Release */ = {
			isa = XCBuildConfiguration;
			buildSettings = {
				ALWAYS_SEARCH_USER_PATHS = NO;
				CLANG_ANALYZER_NONNULL = YES;
				CLANG_ANALYZER_NUMBER_OBJECT_CONVERSION = YES_AGGRESSIVE;
				CLANG_CXX_LANGUAGE_STANDARD = "gnu++20";
				CLANG_ENABLE_MODULES = YES;
				CLANG_ENABLE_OBJC_ARC = YES;
				CLANG_ENABLE_OBJC_WEAK = YES;
				CLANG_WARN_BLOCK_CAPTURE_AUTORELEASING = YES;
				CLANG_WARN_BOOL_CONVERSION = YES;
				CLANG_WARN_COMMA = YES;
				CLANG_WARN_CONSTANT_CONVERSION = YES;
				CLANG_WARN_DEPRECATED_OBJC_IMPLEMENTATIONS = YES;
				CLANG_WARN_DIRECT_OBJC_ISA_USAGE = YES_ERROR;
				CLANG_WARN_DOCUMENTATION_COMMENTS = YES;
				CLANG_WARN_EMPTY_BODY = YES;
				CLANG_WARN_ENUM_CONVERSION = YES;
				CLANG_WARN_INFINITE_RECURSION = YES;
				CLANG_WARN_INT_CONVERSION = YES;
				CLANG_WARN_NON_LITERAL_NULL_CONVERSION = YES;
				CLANG_WARN_OBJC_IMPLICIT_RETAIN_SELF = YES;
				CLANG_WARN_OBJC_LITERAL_CONVERSION = YES;
				CLANG_WARN_OBJC_ROOT_CLASS = YES_ERROR;
				CLANG_WARN_QUOTED_INCLUDE_IN_FRAMEWORK_HEADER = YES;
				CLANG_WARN_RANGE_LOOP_ANALYSIS = YES;
				CLANG_WARN_STRICT_PROTOTYPES = YES;
				CLANG_WARN_SUSPICIOUS_MOVE = YES;
				CLANG_WARN_UNGUARDED_AVAILABILITY = YES_AGGRESSIVE;
				CLANG_WARN_UNREACHABLE_CODE = YES;
				CLANG_WARN__DUPLICATE_METHOD_MATCH = YES;
				COPY_PHASE_STRIP = NO;
				DEBUG_INFORMATION_FORMAT = "dwarf-with-dsym";
				ENABLE_NS_ASSERTIONS = NO;
				ENABLE_STRICT_OBJC_MSGSEND = YES;
				GCC_C_LANGUAGE_STANDARD = gnu11;
				GCC_NO_COMMON_BLOCKS = YES;
				GCC_WARN_64_TO_32_BIT_CONVERSION = YES;
				GCC_WARN_ABOUT_RETURN_TYPE = YES_ERROR;
				GCC_WARN_UNDECLARED_SELECTOR = YES;
				GCC_WARN_UNINITIALIZED_AUTOS = YES_AGGRESSIVE;
				GCC_WARN_UNUSED_FUNCTION = YES;
				GCC_WARN_UNUSED_VARIABLE = YES;
				IPHONEOS_DEPLOYMENT_TARGET = 16.2;
				MTL_ENABLE_DEBUG_INFO = NO;
				MTL_FAST_MATH = YES;
				SDKROOT = iphoneos;
				SWIFT_COMPILATION_MODE = wholemodule;
				SWIFT_OPTIMIZATION_LEVEL = "-O";
				VALIDATE_PRODUCT = YES;
			};
			name = Release;
		};
		7D349F0F294D08C500BAB49A /* Debug */ = {
			isa = XCBuildConfiguration;
			buildSettings = {
				ASSETCATALOG_COMPILER_APPICON_NAME = AppIcon;
				ASSETCATALOG_COMPILER_GLOBAL_ACCENT_COLOR_NAME = AccentColor;
				CODE_SIGN_STYLE = Automatic;
				CURRENT_PROJECT_VERSION = 1;
				DEVELOPMENT_TEAM = V4J86L7RYK;
				GENERATE_INFOPLIST_FILE = YES;
				INFOPLIST_FILE = "Netflix Clone/Info.plist";
				INFOPLIST_KEY_UIApplicationSupportsIndirectInputEvents = YES;
				INFOPLIST_KEY_UILaunchStoryboardName = LaunchScreen;
				INFOPLIST_KEY_UISupportedInterfaceOrientations_iPad = "UIInterfaceOrientationPortrait UIInterfaceOrientationPortraitUpsideDown UIInterfaceOrientationLandscapeLeft UIInterfaceOrientationLandscapeRight";
				INFOPLIST_KEY_UISupportedInterfaceOrientations_iPhone = "UIInterfaceOrientationPortrait UIInterfaceOrientationLandscapeLeft UIInterfaceOrientationLandscapeRight";
				LD_RUNPATH_SEARCH_PATHS = (
					"$(inherited)",
					"@executable_path/Frameworks",
				);
				MARKETING_VERSION = 1.0;
				PRODUCT_BUNDLE_IDENTIFIER = "com.fruntera.Netflix-Clone";
				PRODUCT_NAME = "$(TARGET_NAME)";
				SWIFT_EMIT_LOC_STRINGS = YES;
				SWIFT_VERSION = 5.0;
				TARGETED_DEVICE_FAMILY = "1,2";
			};
			name = Debug;
		};
		7D349F10294D08C500BAB49A /* Release */ = {
			isa = XCBuildConfiguration;
			buildSettings = {
				ASSETCATALOG_COMPILER_APPICON_NAME = AppIcon;
				ASSETCATALOG_COMPILER_GLOBAL_ACCENT_COLOR_NAME = AccentColor;
				CODE_SIGN_STYLE = Automatic;
				CURRENT_PROJECT_VERSION = 1;
				DEVELOPMENT_TEAM = V4J86L7RYK;
				GENERATE_INFOPLIST_FILE = YES;
				INFOPLIST_FILE = "Netflix Clone/Info.plist";
				INFOPLIST_KEY_UIApplicationSupportsIndirectInputEvents = YES;
				INFOPLIST_KEY_UILaunchStoryboardName = LaunchScreen;
				INFOPLIST_KEY_UISupportedInterfaceOrientations_iPad = "UIInterfaceOrientationPortrait UIInterfaceOrientationPortraitUpsideDown UIInterfaceOrientationLandscapeLeft UIInterfaceOrientationLandscapeRight";
				INFOPLIST_KEY_UISupportedInterfaceOrientations_iPhone = "UIInterfaceOrientationPortrait UIInterfaceOrientationLandscapeLeft UIInterfaceOrientationLandscapeRight";
				LD_RUNPATH_SEARCH_PATHS = (
					"$(inherited)",
					"@executable_path/Frameworks",
				);
				MARKETING_VERSION = 1.0;
				PRODUCT_BUNDLE_IDENTIFIER = "com.fruntera.Netflix-Clone";
				PRODUCT_NAME = "$(TARGET_NAME)";
				SWIFT_EMIT_LOC_STRINGS = YES;
				SWIFT_VERSION = 5.0;
				TARGETED_DEVICE_FAMILY = "1,2";
			};
			name = Release;
		};
		7D349F12294D08C500BAB49A /* Debug */ = {
			isa = XCBuildConfiguration;
			buildSettings = {
				ALWAYS_EMBED_SWIFT_STANDARD_LIBRARIES = YES;
				BUNDLE_LOADER = "$(TEST_HOST)";
				CODE_SIGN_STYLE = Automatic;
				CURRENT_PROJECT_VERSION = 1;
				DEVELOPMENT_TEAM = V4J86L7RYK;
				GENERATE_INFOPLIST_FILE = YES;
				IPHONEOS_DEPLOYMENT_TARGET = 16.2;
				MARKETING_VERSION = 1.0;
				PRODUCT_BUNDLE_IDENTIFIER = "com.fruntera.Netflix-CloneTests";
				PRODUCT_NAME = "$(TARGET_NAME)";
				SWIFT_EMIT_LOC_STRINGS = NO;
				SWIFT_VERSION = 5.0;
				TARGETED_DEVICE_FAMILY = "1,2";
				TEST_HOST = "$(BUILT_PRODUCTS_DIR)/Netflix Clone.app/$(BUNDLE_EXECUTABLE_FOLDER_PATH)/Netflix Clone";
			};
			name = Debug;
		};
		7D349F13294D08C500BAB49A /* Release */ = {
			isa = XCBuildConfiguration;
			buildSettings = {
				ALWAYS_EMBED_SWIFT_STANDARD_LIBRARIES = YES;
				BUNDLE_LOADER = "$(TEST_HOST)";
				CODE_SIGN_STYLE = Automatic;
				CURRENT_PROJECT_VERSION = 1;
				DEVELOPMENT_TEAM = V4J86L7RYK;
				GENERATE_INFOPLIST_FILE = YES;
				IPHONEOS_DEPLOYMENT_TARGET = 16.2;
				MARKETING_VERSION = 1.0;
				PRODUCT_BUNDLE_IDENTIFIER = "com.fruntera.Netflix-CloneTests";
				PRODUCT_NAME = "$(TARGET_NAME)";
				SWIFT_EMIT_LOC_STRINGS = NO;
				SWIFT_VERSION = 5.0;
				TARGETED_DEVICE_FAMILY = "1,2";
				TEST_HOST = "$(BUILT_PRODUCTS_DIR)/Netflix Clone.app/$(BUNDLE_EXECUTABLE_FOLDER_PATH)/Netflix Clone";
			};
			name = Release;
		};
		7D349F15294D08C500BAB49A /* Debug */ = {
			isa = XCBuildConfiguration;
			buildSettings = {
				ALWAYS_EMBED_SWIFT_STANDARD_LIBRARIES = YES;
				CODE_SIGN_STYLE = Automatic;
				CURRENT_PROJECT_VERSION = 1;
				DEVELOPMENT_TEAM = V4J86L7RYK;
				GENERATE_INFOPLIST_FILE = YES;
				MARKETING_VERSION = 1.0;
				PRODUCT_BUNDLE_IDENTIFIER = "com.fruntera.Netflix-CloneUITests";
				PRODUCT_NAME = "$(TARGET_NAME)";
				SWIFT_EMIT_LOC_STRINGS = NO;
				SWIFT_VERSION = 5.0;
				TARGETED_DEVICE_FAMILY = "1,2";
				TEST_TARGET_NAME = "Netflix Clone";
			};
			name = Debug;
		};
		7D349F16294D08C500BAB49A /* Release */ = {
			isa = XCBuildConfiguration;
			buildSettings = {
				ALWAYS_EMBED_SWIFT_STANDARD_LIBRARIES = YES;
				CODE_SIGN_STYLE = Automatic;
				CURRENT_PROJECT_VERSION = 1;
				DEVELOPMENT_TEAM = V4J86L7RYK;
				GENERATE_INFOPLIST_FILE = YES;
				MARKETING_VERSION = 1.0;
				PRODUCT_BUNDLE_IDENTIFIER = "com.fruntera.Netflix-CloneUITests";
				PRODUCT_NAME = "$(TARGET_NAME)";
				SWIFT_EMIT_LOC_STRINGS = NO;
				SWIFT_VERSION = 5.0;
				TARGETED_DEVICE_FAMILY = "1,2";
				TEST_TARGET_NAME = "Netflix Clone";
			};
			name = Release;
		};
/* End XCBuildConfiguration section */

/* Begin XCConfigurationList section */
		7D349EDF294D08C400BAB49A /* Build configuration list for PBXProject "Netflix Clone" */ = {
			isa = XCConfigurationList;
			buildConfigurations = (
				7D349F0C294D08C500BAB49A /* Debug */,
				7D349F0D294D08C500BAB49A /* Release */,
			);
			defaultConfigurationIsVisible = 0;
			defaultConfigurationName = Release;
		};
		7D349F0E294D08C500BAB49A /* Build configuration list for PBXNativeTarget "Netflix Clone" */ = {
			isa = XCConfigurationList;
			buildConfigurations = (
				7D349F0F294D08C500BAB49A /* Debug */,
				7D349F10294D08C500BAB49A /* Release */,
			);
			defaultConfigurationIsVisible = 0;
			defaultConfigurationName = Release;
		};
		7D349F11294D08C500BAB49A /* Build configuration list for PBXNativeTarget "Netflix CloneTests" */ = {
			isa = XCConfigurationList;
			buildConfigurations = (
				7D349F12294D08C500BAB49A /* Debug */,
				7D349F13294D08C500BAB49A /* Release */,
			);
			defaultConfigurationIsVisible = 0;
			defaultConfigurationName = Release;
		};
		7D349F14294D08C500BAB49A /* Build configuration list for PBXNativeTarget "Netflix CloneUITests" */ = {
			isa = XCConfigurationList;
			buildConfigurations = (
				7D349F15294D08C500BAB49A /* Debug */,
				7D349F16294D08C500BAB49A /* Release */,
			);
			defaultConfigurationIsVisible = 0;
			defaultConfigurationName = Release;
		};
/* End XCConfigurationList section */
	};
	rootObject = 7D349EDC294D08C400BAB49A /* Project object */;
}
